
Microsoft Visual Studio Solution File, Format Version 12.00
# Visual Studio Version 16
VisualStudioVersion = 16.0.29318.209
MinimumVisualStudioVersion = 10.0.40219.1
Project("{FAE04EC0-301F-11D3-BF4B-00C04F79EFBC}") = "NoteManager.Persistence.DataModel", "NoteManager.Persistence.DataModel\NoteManager.Persistence.DataModel.csproj", "{55CD9893-A84E-4B6A-A094-D0F3B3AFB020}"
EndProject
Project("{FAE04EC0-301F-11D3-BF4B-00C04F79EFBC}") = "NoteManager.WebAPI", "NoteManager.WebAPI\NoteManager.WebAPI.csproj", "{6BACF613-2AE8-49A5-8B05-C8F3F5D7BAEF}"
EndProject
Global
	GlobalSection(SolutionConfigurationPlatforms) = preSolution
		Debug|Any CPU = Debug|Any CPU
		Release|Any CPU = Release|Any CPU
	EndGlobalSection
	GlobalSection(ProjectConfigurationPlatforms) = postSolution
		{55CD9893-A84E-4B6A-A094-D0F3B3AFB020}.Debug|Any CPU.ActiveCfg = Debug|Any CPU
		{55CD9893-A84E-4B6A-A094-D0F3B3AFB020}.Debug|Any CPU.Build.0 = Debug|Any CPU
		{55CD9893-A84E-4B6A-A094-D0F3B3AFB020}.Release|Any CPU.ActiveCfg = Release|Any CPU
		{55CD9893-A84E-4B6A-A094-D0F3B3AFB020}.Release|Any CPU.Build.0 = Release|Any CPU
		{6BACF613-2AE8-49A5-8B05-C8F3F5D7BAEF}.Debug|Any CPU.ActiveCfg = Debug|Any CPU
		{6BACF613-2AE8-49A5-8B05-C8F3F5D7BAEF}.Debug|Any CPU.Build.0 = Debug|Any CPU
		{6BACF613-2AE8-49A5-8B05-C8F3F5D7BAEF}.Release|Any CPU.ActiveCfg = Release|Any CPU
		{6BACF613-2AE8-49A5-8B05-C8F3F5D7BAEF}.Release|Any CPU.Build.0 = Release|Any CPU
	EndGlobalSection
	GlobalSection(SolutionProperties) = preSolution
		HideSolutionNode = FALSE
	EndGlobalSection
	GlobalSection(ExtensibilityGlobals) = postSolution
		SolutionGuid = {D6C0A351-1529-421B-A3D7-2472DDA98C3F}
	EndGlobalSection
EndGlobal
