
Microsoft Visual Studio Solution File, Format Version 12.00
# Visual Studio Version 16
VisualStudioVersion = 16.0.29306.81
MinimumVisualStudioVersion = 10.0.40219.1
Project("{9A19103F-16F7-4668-BE54-9A1E7A4F7556}") = "NoteManager.WebAPI", "NoteManager.WebAPI\NoteManager.WebAPI.csproj", "{6BACF613-2AE8-49A5-8B05-C8F3F5D7BAEF}"
EndProject
Project("{FAE04EC0-301F-11D3-BF4B-00C04F79EFBC}") = "NoteManager", "NoteManager\NoteManager.csproj", "{E92BC9EF-7E67-407C-838C-C373B86BAFA8}"
EndProject
Project("{FAE04EC0-301F-11D3-BF4B-00C04F79EFBC}") = "SourceWeave.Controls", "SourceWeave.Controls\SourceWeave.Controls.csproj", "{7286E3A4-21F9-45DA-A0CD-2B2037289F99}"
EndProject
Project("{FAE04EC0-301F-11D3-BF4B-00C04F79EFBC}") = "NoteManager.Persistence.DataModel", "NoteManager.Persistence.DataModel\NoteManager.Persistence.DataModel.csproj", "{92A725D5-E68D-4D85-A053-DFD39CB8612D}"
EndProject
Global
	GlobalSection(SolutionConfigurationPlatforms) = preSolution
		Debug|Any CPU = Debug|Any CPU
		Release|Any CPU = Release|Any CPU
	EndGlobalSection
	GlobalSection(ProjectConfigurationPlatforms) = postSolution
		{6BACF613-2AE8-49A5-8B05-C8F3F5D7BAEF}.Debug|Any CPU.ActiveCfg = Debug|Any CPU
		{6BACF613-2AE8-49A5-8B05-C8F3F5D7BAEF}.Debug|Any CPU.Build.0 = Debug|Any CPU
		{6BACF613-2AE8-49A5-8B05-C8F3F5D7BAEF}.Release|Any CPU.ActiveCfg = Release|Any CPU
		{6BACF613-2AE8-49A5-8B05-C8F3F5D7BAEF}.Release|Any CPU.Build.0 = Release|Any CPU
		{E92BC9EF-7E67-407C-838C-C373B86BAFA8}.Debug|Any CPU.ActiveCfg = Debug|Any CPU
		{E92BC9EF-7E67-407C-838C-C373B86BAFA8}.Debug|Any CPU.Build.0 = Debug|Any CPU
		{E92BC9EF-7E67-407C-838C-C373B86BAFA8}.Release|Any CPU.ActiveCfg = Release|Any CPU
		{E92BC9EF-7E67-407C-838C-C373B86BAFA8}.Release|Any CPU.Build.0 = Release|Any CPU
		{7286E3A4-21F9-45DA-A0CD-2B2037289F99}.Debug|Any CPU.ActiveCfg = Debug|Any CPU
		{7286E3A4-21F9-45DA-A0CD-2B2037289F99}.Debug|Any CPU.Build.0 = Debug|Any CPU
		{7286E3A4-21F9-45DA-A0CD-2B2037289F99}.Release|Any CPU.ActiveCfg = Release|Any CPU
		{7286E3A4-21F9-45DA-A0CD-2B2037289F99}.Release|Any CPU.Build.0 = Release|Any CPU
		{92A725D5-E68D-4D85-A053-DFD39CB8612D}.Debug|Any CPU.ActiveCfg = Debug|Any CPU
		{92A725D5-E68D-4D85-A053-DFD39CB8612D}.Debug|Any CPU.Build.0 = Debug|Any CPU
		{92A725D5-E68D-4D85-A053-DFD39CB8612D}.Release|Any CPU.ActiveCfg = Release|Any CPU
		{92A725D5-E68D-4D85-A053-DFD39CB8612D}.Release|Any CPU.Build.0 = Release|Any CPU
	EndGlobalSection
	GlobalSection(SolutionProperties) = preSolution
		HideSolutionNode = FALSE
	EndGlobalSection
	GlobalSection(ExtensibilityGlobals) = postSolution
		SolutionGuid = {D6C0A351-1529-421B-A3D7-2472DDA98C3F}
	EndGlobalSection
EndGlobal
