
Microsoft Visual Studio Solution File, Format Version 12.00
# Visual Studio 15
VisualStudioVersion = 15.0.28307.645
MinimumVisualStudioVersion = 10.0.40219.1
Project("{FAE04EC0-301F-11D3-BF4B-00C04F79EFBC}") = "NoteManager.Persistence.DataModel", "NoteManager.Persistence.DataModel\NoteManager.Persistence.DataModel.csproj", "{55CD9893-A84E-4B6A-A094-D0F3B3AFB020}"
EndProject
Project("{FAE04EC0-301F-11D3-BF4B-00C04F79EFBC}") = "NoteManager", "NoteManager\NoteManager.csproj", "{C786F5CD-5750-4D50-A442-EE09D89A5FBD}"
EndProject
Global
	GlobalSection(SolutionConfigurationPlatforms) = preSolution
		Debug|Any CPU = Debug|Any CPU
		Release|Any CPU = Release|Any CPU
	EndGlobalSection
	GlobalSection(ProjectConfigurationPlatforms) = postSolution
		{55CD9893-A84E-4B6A-A094-D0F3B3AFB020}.Debug|Any CPU.ActiveCfg = Debug|Any CPU
		{55CD9893-A84E-4B6A-A094-D0F3B3AFB020}.Debug|Any CPU.Build.0 = Debug|Any CPU
		{55CD9893-A84E-4B6A-A094-D0F3B3AFB020}.Release|Any CPU.ActiveCfg = Release|Any CPU
		{55CD9893-A84E-4B6A-A094-D0F3B3AFB020}.Release|Any CPU.Build.0 = Release|Any CPU
		{C786F5CD-5750-4D50-A442-EE09D89A5FBD}.Debug|Any CPU.ActiveCfg = Debug|Any CPU
		{C786F5CD-5750-4D50-A442-EE09D89A5FBD}.Debug|Any CPU.Build.0 = Debug|Any CPU
		{C786F5CD-5750-4D50-A442-EE09D89A5FBD}.Release|Any CPU.ActiveCfg = Release|Any CPU
		{C786F5CD-5750-4D50-A442-EE09D89A5FBD}.Release|Any CPU.Build.0 = Release|Any CPU
	EndGlobalSection
	GlobalSection(SolutionProperties) = preSolution
		HideSolutionNode = FALSE
	EndGlobalSection
	GlobalSection(ExtensibilityGlobals) = postSolution
		SolutionGuid = {D6C0A351-1529-421B-A3D7-2472DDA98C3F}
	EndGlobalSection
EndGlobal
